
Microsoft Visual Studio Solution File, Format Version 12.00
# Visual Studio 2015
Project("{FAE04EC0-301F-11D3-BF4B-00C04F79EFBC}") = "TeamD4DExcellentMp4.CSharp", "TeamD4DExcellentMp4.CSharp.csproj", "{CE1070ED-0F31-F789-E64E-695C60D5A68B}"
EndProject
Global
	GlobalSection(SolutionConfigurationPlatforms) = preSolution
		Debug|Any CPU = Debug|Any CPU
		Release|Any CPU = Release|Any CPU
	EndGlobalSection
	GlobalSection(ProjectConfigurationPlatforms) = postSolution
		{CE1070ED-0F31-F789-E64E-695C60D5A68B}.Debug|Any CPU.ActiveCfg = Debug|Any CPU
		{CE1070ED-0F31-F789-E64E-695C60D5A68B}.Debug|Any CPU.Build.0 = Debug|Any CPU
		{CE1070ED-0F31-F789-E64E-695C60D5A68B}.Release|Any CPU.ActiveCfg = Release|Any CPU
		{CE1070ED-0F31-F789-E64E-695C60D5A68B}.Release|Any CPU.Build.0 = Release|Any CPU
	EndGlobalSection
	GlobalSection(SolutionProperties) = preSolution
		HideSolutionNode = FALSE
	EndGlobalSection
EndGlobal
